
Microsoft Visual Studio Solution File, Format Version 12.00
# Visual Studio Version 16
VisualStudioVersion = 16.0.808.8
MinimumVisualStudioVersion = 10.0.40219.1
Project("{FAE04EC0-301F-11D3-BF4B-00C04F79EFBC}") = "Biblioteca-backend", "Biblioteca-backend\Biblioteca-backend.csproj", "{45E9EB23-3426-4326-ADB7-61BA25E0C961}"
EndProject
Project("{FAE04EC0-301F-11D3-BF4B-00C04F79EFBC}") = "Biblioteca-Core", "Biblioteca-Core\Biblioteca-Core.csproj", "{B1368714-C2BA-45D4-838B-97092A693174}"
EndProject
Global
	GlobalSection(SolutionConfigurationPlatforms) = preSolution
		Debug|Any CPU = Debug|Any CPU
		Release|Any CPU = Release|Any CPU
	EndGlobalSection
	GlobalSection(ProjectConfigurationPlatforms) = postSolution
		{45E9EB23-3426-4326-ADB7-61BA25E0C961}.Debug|Any CPU.ActiveCfg = Debug|Any CPU
		{45E9EB23-3426-4326-ADB7-61BA25E0C961}.Debug|Any CPU.Build.0 = Debug|Any CPU
		{45E9EB23-3426-4326-ADB7-61BA25E0C961}.Release|Any CPU.ActiveCfg = Release|Any CPU
		{45E9EB23-3426-4326-ADB7-61BA25E0C961}.Release|Any CPU.Build.0 = Release|Any CPU
		{B1368714-C2BA-45D4-838B-97092A693174}.Debug|Any CPU.ActiveCfg = Debug|Any CPU
		{B1368714-C2BA-45D4-838B-97092A693174}.Debug|Any CPU.Build.0 = Debug|Any CPU
		{B1368714-C2BA-45D4-838B-97092A693174}.Release|Any CPU.ActiveCfg = Release|Any CPU
		{B1368714-C2BA-45D4-838B-97092A693174}.Release|Any CPU.Build.0 = Release|Any CPU
	EndGlobalSection
	GlobalSection(SolutionProperties) = preSolution
		HideSolutionNode = FALSE
	EndGlobalSection
	GlobalSection(ExtensibilityGlobals) = postSolution
		SolutionGuid = {42FABAA2-5224-44C6-B24D-260DD0203B0D}
	EndGlobalSection
EndGlobal
